// !$*UTF8*$!
{
	archiveVersion = 1;
	classes = {
	};
	objectVersion = 50;
	objects = {

/* Begin PBXBuildFile section */
		F7AD21D425E592D900EC2331 /* AppDelegate.swift in Sources */ = {isa = PBXBuildFile; fileRef = F7AD21D325E592D900EC2331 /* AppDelegate.swift */; };
		F7AD21D625E592D900EC2331 /* SceneDelegate.swift in Sources */ = {isa = PBXBuildFile; fileRef = F7AD21D525E592D900EC2331 /* SceneDelegate.swift */; };
		F7AD21DB25E592D900EC2331 /* Main.storyboard in Resources */ = {isa = PBXBuildFile; fileRef = F7AD21D925E592D900EC2331 /* Main.storyboard */; };
		F7AD21DD25E592DD00EC2331 /* Assets.xcassets in Resources */ = {isa = PBXBuildFile; fileRef = F7AD21DC25E592DD00EC2331 /* Assets.xcassets */; };
		F7AD21E025E592DD00EC2331 /* LaunchScreen.storyboard in Resources */ = {isa = PBXBuildFile; fileRef = F7AD21DE25E592DD00EC2331 /* LaunchScreen.storyboard */; };
		F7AD21EB25E592DE00EC2331 /* PrototypeTests.swift in Sources */ = {isa = PBXBuildFile; fileRef = F7AD21EA25E592DE00EC2331 /* PrototypeTests.swift */; };
		F7AD21F625E592DE00EC2331 /* PrototypeUITests.swift in Sources */ = {isa = PBXBuildFile; fileRef = F7AD21F525E592DE00EC2331 /* PrototypeUITests.swift */; };
		F7AD225C25E6E79300EC2331 /* FeedViewController.swift in Sources */ = {isa = PBXBuildFile; fileRef = F7AD225B25E6E79300EC2331 /* FeedViewController.swift */; };
/* End PBXBuildFile section */

/* Begin PBXContainerItemProxy section */
		F7AD21E725E592DE00EC2331 /* PBXContainerItemProxy */ = {
			isa = PBXContainerItemProxy;
			containerPortal = F7AD21C825E592D900EC2331 /* Project object */;
			proxyType = 1;
			remoteGlobalIDString = F7AD21CF25E592D900EC2331;
			remoteInfo = Prototype;
		};
		F7AD21F225E592DE00EC2331 /* PBXContainerItemProxy */ = {
			isa = PBXContainerItemProxy;
			containerPortal = F7AD21C825E592D900EC2331 /* Project object */;
			proxyType = 1;
			remoteGlobalIDString = F7AD21CF25E592D900EC2331;
			remoteInfo = Prototype;
		};
/* End PBXContainerItemProxy section */

/* Begin PBXFileReference section */
		F7AD21D025E592D900EC2331 /* Prototype.app */ = {isa = PBXFileReference; explicitFileType = wrapper.application; includeInIndex = 0; path = Prototype.app; sourceTree = BUILT_PRODUCTS_DIR; };
		F7AD21D325E592D900EC2331 /* AppDelegate.swift */ = {isa = PBXFileReference; lastKnownFileType = sourcecode.swift; path = AppDelegate.swift; sourceTree = "<group>"; };
		F7AD21D525E592D900EC2331 /* SceneDelegate.swift */ = {isa = PBXFileReference; lastKnownFileType = sourcecode.swift; path = SceneDelegate.swift; sourceTree = "<group>"; };
		F7AD21DA25E592D900EC2331 /* Base */ = {isa = PBXFileReference; lastKnownFileType = file.storyboard; name = Base; path = Base.lproj/Main.storyboard; sourceTree = "<group>"; };
		F7AD21DC25E592DD00EC2331 /* Assets.xcassets */ = {isa = PBXFileReference; lastKnownFileType = folder.assetcatalog; path = Assets.xcassets; sourceTree = "<group>"; };
		F7AD21DF25E592DD00EC2331 /* Base */ = {isa = PBXFileReference; lastKnownFileType = file.storyboard; name = Base; path = Base.lproj/LaunchScreen.storyboard; sourceTree = "<group>"; };
		F7AD21E125E592DD00EC2331 /* Info.plist */ = {isa = PBXFileReference; lastKnownFileType = text.plist.xml; path = Info.plist; sourceTree = "<group>"; };
		F7AD21E625E592DE00EC2331 /* PrototypeTests.xctest */ = {isa = PBXFileReference; explicitFileType = wrapper.cfbundle; includeInIndex = 0; path = PrototypeTests.xctest; sourceTree = BUILT_PRODUCTS_DIR; };
		F7AD21EA25E592DE00EC2331 /* PrototypeTests.swift */ = {isa = PBXFileReference; lastKnownFileType = sourcecode.swift; path = PrototypeTests.swift; sourceTree = "<group>"; };
		F7AD21EC25E592DE00EC2331 /* Info.plist */ = {isa = PBXFileReference; lastKnownFileType = text.plist.xml; path = Info.plist; sourceTree = "<group>"; };
		F7AD21F125E592DE00EC2331 /* PrototypeUITests.xctest */ = {isa = PBXFileReference; explicitFileType = wrapper.cfbundle; includeInIndex = 0; path = PrototypeUITests.xctest; sourceTree = BUILT_PRODUCTS_DIR; };
		F7AD21F525E592DE00EC2331 /* PrototypeUITests.swift */ = {isa = PBXFileReference; lastKnownFileType = sourcecode.swift; path = PrototypeUITests.swift; sourceTree = "<group>"; };
		F7AD21F725E592DE00EC2331 /* Info.plist */ = {isa = PBXFileReference; lastKnownFileType = text.plist.xml; path = Info.plist; sourceTree = "<group>"; };
		F7AD225B25E6E79300EC2331 /* FeedViewController.swift */ = {isa = PBXFileReference; lastKnownFileType = sourcecode.swift; path = FeedViewController.swift; sourceTree = "<group>"; };
/* End PBXFileReference section */

/* Begin PBXFrameworksBuildPhase section */
		F7AD21CD25E592D900EC2331 /* Frameworks */ = {
			isa = PBXFrameworksBuildPhase;
			buildActionMask = 2147483647;
			files = (
			);
			runOnlyForDeploymentPostprocessing = 0;
		};
		F7AD21E325E592DE00EC2331 /* Frameworks */ = {
			isa = PBXFrameworksBuildPhase;
			buildActionMask = 2147483647;
			files = (
			);
			runOnlyForDeploymentPostprocessing = 0;
		};
		F7AD21EE25E592DE00EC2331 /* Frameworks */ = {
			isa = PBXFrameworksBuildPhase;
			buildActionMask = 2147483647;
			files = (
			);
			runOnlyForDeploymentPostprocessing = 0;
		};
/* End PBXFrameworksBuildPhase section */

/* Begin PBXGroup section */
		F7AD21C725E592D900EC2331 = {
			isa = PBXGroup;
			children = (
				F7AD21D225E592D900EC2331 /* Prototype */,
				F7AD21E925E592DE00EC2331 /* PrototypeTests */,
				F7AD21F425E592DE00EC2331 /* PrototypeUITests */,
				F7AD21D125E592D900EC2331 /* Products */,
			);
			sourceTree = "<group>";
		};
		F7AD21D125E592D900EC2331 /* Products */ = {
			isa = PBXGroup;
			children = (
				F7AD21D025E592D900EC2331 /* Prototype.app */,
				F7AD21E625E592DE00EC2331 /* PrototypeTests.xctest */,
				F7AD21F125E592DE00EC2331 /* PrototypeUITests.xctest */,
			);
			name = Products;
			sourceTree = "<group>";
		};
		F7AD21D225E592D900EC2331 /* Prototype */ = {
			isa = PBXGroup;
			children = (
				F7AD21D325E592D900EC2331 /* AppDelegate.swift */,
				F7AD21D525E592D900EC2331 /* SceneDelegate.swift */,
				F7AD21D925E592D900EC2331 /* Main.storyboard */,
				F7AD225B25E6E79300EC2331 /* FeedViewController.swift */,
				F7AD21DC25E592DD00EC2331 /* Assets.xcassets */,
				F7AD21DE25E592DD00EC2331 /* LaunchScreen.storyboard */,
				F7AD21E125E592DD00EC2331 /* Info.plist */,
			);
			path = Prototype;
			sourceTree = "<group>";
		};
		F7AD21E925E592DE00EC2331 /* PrototypeTests */ = {
			isa = PBXGroup;
			children = (
				F7AD21EA25E592DE00EC2331 /* PrototypeTests.swift */,
				F7AD21EC25E592DE00EC2331 /* Info.plist */,
			);
			path = PrototypeTests;
			sourceTree = "<group>";
		};
		F7AD21F425E592DE00EC2331 /* PrototypeUITests */ = {
			isa = PBXGroup;
			children = (
				F7AD21F525E592DE00EC2331 /* PrototypeUITests.swift */,
				F7AD21F725E592DE00EC2331 /* Info.plist */,
			);
			path = PrototypeUITests;
			sourceTree = "<group>";
		};
/* End PBXGroup section */

/* Begin PBXNativeTarget section */
		F7AD21CF25E592D900EC2331 /* Prototype */ = {
			isa = PBXNativeTarget;
			buildConfigurationList = F7AD21FA25E592DE00EC2331 /* Build configuration list for PBXNativeTarget "Prototype" */;
			buildPhases = (
				F7AD21CC25E592D900EC2331 /* Sources */,
				F7AD21CD25E592D900EC2331 /* Frameworks */,
				F7AD21CE25E592D900EC2331 /* Resources */,
			);
			buildRules = (
			);
			dependencies = (
			);
			name = Prototype;
			productName = Prototype;
			productReference = F7AD21D025E592D900EC2331 /* Prototype.app */;
			productType = "com.apple.product-type.application";
		};
		F7AD21E525E592DE00EC2331 /* PrototypeTests */ = {
			isa = PBXNativeTarget;
			buildConfigurationList = F7AD21FD25E592DE00EC2331 /* Build configuration list for PBXNativeTarget "PrototypeTests" */;
			buildPhases = (
				F7AD21E225E592DE00EC2331 /* Sources */,
				F7AD21E325E592DE00EC2331 /* Frameworks */,
				F7AD21E425E592DE00EC2331 /* Resources */,
			);
			buildRules = (
			);
			dependencies = (
				F7AD21E825E592DE00EC2331 /* PBXTargetDependency */,
			);
			name = PrototypeTests;
			productName = PrototypeTests;
			productReference = F7AD21E625E592DE00EC2331 /* PrototypeTests.xctest */;
			productType = "com.apple.product-type.bundle.unit-test";
		};
		F7AD21F025E592DE00EC2331 /* PrototypeUITests */ = {
			isa = PBXNativeTarget;
			buildConfigurationList = F7AD220025E592DE00EC2331 /* Build configuration list for PBXNativeTarget "PrototypeUITests" */;
			buildPhases = (
				F7AD21ED25E592DE00EC2331 /* Sources */,
				F7AD21EE25E592DE00EC2331 /* Frameworks */,
				F7AD21EF25E592DE00EC2331 /* Resources */,
			);
			buildRules = (
			);
			dependencies = (
				F7AD21F325E592DE00EC2331 /* PBXTargetDependency */,
			);
			name = PrototypeUITests;
			productName = PrototypeUITests;
			productReference = F7AD21F125E592DE00EC2331 /* PrototypeUITests.xctest */;
			productType = "com.apple.product-type.bundle.ui-testing";
		};
/* End PBXNativeTarget section */

/* Begin PBXProject section */
		F7AD21C825E592D900EC2331 /* Project object */ = {
			isa = PBXProject;
			attributes = {
				LastSwiftUpdateCheck = 1240;
				LastUpgradeCheck = 1240;
				TargetAttributes = {
					F7AD21CF25E592D900EC2331 = {
						CreatedOnToolsVersion = 12.4;
					};
					F7AD21E525E592DE00EC2331 = {
						CreatedOnToolsVersion = 12.4;
						TestTargetID = F7AD21CF25E592D900EC2331;
					};
					F7AD21F025E592DE00EC2331 = {
						CreatedOnToolsVersion = 12.4;
						TestTargetID = F7AD21CF25E592D900EC2331;
					};
				};
			};
			buildConfigurationList = F7AD21CB25E592D900EC2331 /* Build configuration list for PBXProject "Prototype" */;
			compatibilityVersion = "Xcode 9.3";
			developmentRegion = en;
			hasScannedForEncodings = 0;
			knownRegions = (
				en,
				Base,
			);
			mainGroup = F7AD21C725E592D900EC2331;
			productRefGroup = F7AD21D125E592D900EC2331 /* Products */;
			projectDirPath = "";
			projectRoot = "";
			targets = (
				F7AD21CF25E592D900EC2331 /* Prototype */,
				F7AD21E525E592DE00EC2331 /* PrototypeTests */,
				F7AD21F025E592DE00EC2331 /* PrototypeUITests */,
			);
		};
/* End PBXProject section */

/* Begin PBXResourcesBuildPhase section */
		F7AD21CE25E592D900EC2331 /* Resources */ = {
			isa = PBXResourcesBuildPhase;
			buildActionMask = 2147483647;
			files = (
				F7AD21E025E592DD00EC2331 /* LaunchScreen.storyboard in Resources */,
				F7AD21DD25E592DD00EC2331 /* Assets.xcassets in Resources */,
				F7AD21DB25E592D900EC2331 /* Main.storyboard in Resources */,
			);
			runOnlyForDeploymentPostprocessing = 0;
		};
		F7AD21E425E592DE00EC2331 /* Resources */ = {
			isa = PBXResourcesBuildPhase;
			buildActionMask = 2147483647;
			files = (
			);
			runOnlyForDeploymentPostprocessing = 0;
		};
		F7AD21EF25E592DE00EC2331 /* Resources */ = {
			isa = PBXResourcesBuildPhase;
			buildActionMask = 2147483647;
			files = (
			);
			runOnlyForDeploymentPostprocessing = 0;
		};
/* End PBXResourcesBuildPhase section */

/* Begin PBXSourcesBuildPhase section */
		F7AD21CC25E592D900EC2331 /* Sources */ = {
			isa = PBXSourcesBuildPhase;
			buildActionMask = 2147483647;
			files = (
				F7AD21D425E592D900EC2331 /* AppDelegate.swift in Sources */,
				F7AD225C25E6E79300EC2331 /* FeedViewController.swift in Sources */,
				F7AD21D625E592D900EC2331 /* SceneDelegate.swift in Sources */,
			);
			runOnlyForDeploymentPostprocessing = 0;
		};
		F7AD21E225E592DE00EC2331 /* Sources */ = {
			isa = PBXSourcesBuildPhase;
			buildActionMask = 2147483647;
			files = (
				F7AD21EB25E592DE00EC2331 /* PrototypeTests.swift in Sources */,
			);
			runOnlyForDeploymentPostprocessing = 0;
		};
		F7AD21ED25E592DE00EC2331 /* Sources */ = {
			isa = PBXSourcesBuildPhase;
			buildActionMask = 2147483647;
			files = (
				F7AD21F625E592DE00EC2331 /* PrototypeUITests.swift in Sources */,
			);
			runOnlyForDeploymentPostprocessing = 0;
		};
/* End PBXSourcesBuildPhase section */

/* Begin PBXTargetDependency section */
		F7AD21E825E592DE00EC2331 /* PBXTargetDependency */ = {
			isa = PBXTargetDependency;
			target = F7AD21CF25E592D900EC2331 /* Prototype */;
			targetProxy = F7AD21E725E592DE00EC2331 /* PBXContainerItemProxy */;
		};
		F7AD21F325E592DE00EC2331 /* PBXTargetDependency */ = {
			isa = PBXTargetDependency;
			target = F7AD21CF25E592D900EC2331 /* Prototype */;
			targetProxy = F7AD21F225E592DE00EC2331 /* PBXContainerItemProxy */;
		};
/* End PBXTargetDependency section */

/* Begin PBXVariantGroup section */
		F7AD21D925E592D900EC2331 /* Main.storyboard */ = {
			isa = PBXVariantGroup;
			children = (
				F7AD21DA25E592D900EC2331 /* Base */,
			);
			name = Main.storyboard;
			sourceTree = "<group>";
		};
		F7AD21DE25E592DD00EC2331 /* LaunchScreen.storyboard */ = {
			isa = PBXVariantGroup;
			children = (
				F7AD21DF25E592DD00EC2331 /* Base */,
			);
			name = LaunchScreen.storyboard;
			sourceTree = "<group>";
		};
/* End PBXVariantGroup section */

/* Begin XCBuildConfiguration section */
		F7AD21F825E592DE00EC2331 /* Debug */ = {
			isa = XCBuildConfiguration;
			buildSettings = {
				ALWAYS_SEARCH_USER_PATHS = NO;
				CLANG_ANALYZER_NONNULL = YES;
				CLANG_ANALYZER_NUMBER_OBJECT_CONVERSION = YES_AGGRESSIVE;
				CLANG_CXX_LANGUAGE_STANDARD = "gnu++14";
				CLANG_CXX_LIBRARY = "libc++";
				CLANG_ENABLE_MODULES = YES;
				CLANG_ENABLE_OBJC_ARC = YES;
				CLANG_ENABLE_OBJC_WEAK = YES;
				CLANG_WARN_BLOCK_CAPTURE_AUTORELEASING = YES;
				CLANG_WARN_BOOL_CONVERSION = YES;
				CLANG_WARN_COMMA = YES;
				CLANG_WARN_CONSTANT_CONVERSION = YES;
				CLANG_WARN_DEPRECATED_OBJC_IMPLEMENTATIONS = YES;
				CLANG_WARN_DIRECT_OBJC_ISA_USAGE = YES_ERROR;
				CLANG_WARN_DOCUMENTATION_COMMENTS = YES;
				CLANG_WARN_EMPTY_BODY = YES;
				CLANG_WARN_ENUM_CONVERSION = YES;
				CLANG_WARN_INFINITE_RECURSION = YES;
				CLANG_WARN_INT_CONVERSION = YES;
				CLANG_WARN_NON_LITERAL_NULL_CONVERSION = YES;
				CLANG_WARN_OBJC_IMPLICIT_RETAIN_SELF = YES;
				CLANG_WARN_OBJC_LITERAL_CONVERSION = YES;
				CLANG_WARN_OBJC_ROOT_CLASS = YES_ERROR;
				CLANG_WARN_QUOTED_INCLUDE_IN_FRAMEWORK_HEADER = YES;
				CLANG_WARN_RANGE_LOOP_ANALYSIS = YES;
				CLANG_WARN_STRICT_PROTOTYPES = YES;
				CLANG_WARN_SUSPICIOUS_MOVE = YES;
				CLANG_WARN_UNGUARDED_AVAILABILITY = YES_AGGRESSIVE;
				CLANG_WARN_UNREACHABLE_CODE = YES;
				CLANG_WARN__DUPLICATE_METHOD_MATCH = YES;
				COPY_PHASE_STRIP = NO;
				DEBUG_INFORMATION_FORMAT = dwarf;
				ENABLE_STRICT_OBJC_MSGSEND = YES;
				ENABLE_TESTABILITY = YES;
				GCC_C_LANGUAGE_STANDARD = gnu11;
				GCC_DYNAMIC_NO_PIC = NO;
				GCC_NO_COMMON_BLOCKS = YES;
				GCC_OPTIMIZATION_LEVEL = 0;
				GCC_PREPROCESSOR_DEFINITIONS = (
					"DEBUG=1",
					"$(inherited)",
				);
				GCC_WARN_64_TO_32_BIT_CONVERSION = YES;
				GCC_WARN_ABOUT_RETURN_TYPE = YES_ERROR;
				GCC_WARN_UNDECLARED_SELECTOR = YES;
				GCC_WARN_UNINITIALIZED_AUTOS = YES_AGGRESSIVE;
				GCC_WARN_UNUSED_FUNCTION = YES;
				GCC_WARN_UNUSED_VARIABLE = YES;
				IPHONEOS_DEPLOYMENT_TARGET = 14.4;
				MTL_ENABLE_DEBUG_INFO = INCLUDE_SOURCE;
				MTL_FAST_MATH = YES;
				ONLY_ACTIVE_ARCH = YES;
				SDKROOT = iphoneos;
				SWIFT_ACTIVE_COMPILATION_CONDITIONS = DEBUG;
				SWIFT_OPTIMIZATION_LEVEL = "-Onone";
			};
			name = Debug;
		};
		F7AD21F925E592DE00EC2331 /* Release */ = {
			isa = XCBuildConfiguration;
			buildSettings = {
				ALWAYS_SEARCH_USER_PATHS = NO;
				CLANG_ANALYZER_NONNULL = YES;
				CLANG_ANALYZER_NUMBER_OBJECT_CONVERSION = YES_AGGRESSIVE;
				CLANG_CXX_LANGUAGE_STANDARD = "gnu++14";
				CLANG_CXX_LIBRARY = "libc++";
				CLANG_ENABLE_MODULES = YES;
				CLANG_ENABLE_OBJC_ARC = YES;
				CLANG_ENABLE_OBJC_WEAK = YES;
				CLANG_WARN_BLOCK_CAPTURE_AUTORELEASING = YES;
				CLANG_WARN_BOOL_CONVERSION = YES;
				CLANG_WARN_COMMA = YES;
				CLANG_WARN_CONSTANT_CONVERSION = YES;
				CLANG_WARN_DEPRECATED_OBJC_IMPLEMENTATIONS = YES;
				CLANG_WARN_DIRECT_OBJC_ISA_USAGE = YES_ERROR;
				CLANG_WARN_DOCUMENTATION_COMMENTS = YES;
				CLANG_WARN_EMPTY_BODY = YES;
				CLANG_WARN_ENUM_CONVERSION = YES;
				CLANG_WARN_INFINITE_RECURSION = YES;
				CLANG_WARN_INT_CONVERSION = YES;
				CLANG_WARN_NON_LITERAL_NULL_CONVERSION = YES;
				CLANG_WARN_OBJC_IMPLICIT_RETAIN_SELF = YES;
				CLANG_WARN_OBJC_LITERAL_CONVERSION = YES;
				CLANG_WARN_OBJC_ROOT_CLASS = YES_ERROR;
				CLANG_WARN_QUOTED_INCLUDE_IN_FRAMEWORK_HEADER = YES;
				CLANG_WARN_RANGE_LOOP_ANALYSIS = YES;
				CLANG_WARN_STRICT_PROTOTYPES = YES;
				CLANG_WARN_SUSPICIOUS_MOVE = YES;
				CLANG_WARN_UNGUARDED_AVAILABILITY = YES_AGGRESSIVE;
				CLANG_WARN_UNREACHABLE_CODE = YES;
				CLANG_WARN__DUPLICATE_METHOD_MATCH = YES;
				COPY_PHASE_STRIP = NO;
				DEBUG_INFORMATION_FORMAT = "dwarf-with-dsym";
				ENABLE_NS_ASSERTIONS = NO;
				ENABLE_STRICT_OBJC_MSGSEND = YES;
				GCC_C_LANGUAGE_STANDARD = gnu11;
				GCC_NO_COMMON_BLOCKS = YES;
				GCC_WARN_64_TO_32_BIT_CONVERSION = YES;
				GCC_WARN_ABOUT_RETURN_TYPE = YES_ERROR;
				GCC_WARN_UNDECLARED_SELECTOR = YES;
				GCC_WARN_UNINITIALIZED_AUTOS = YES_AGGRESSIVE;
				GCC_WARN_UNUSED_FUNCTION = YES;
				GCC_WARN_UNUSED_VARIABLE = YES;
				IPHONEOS_DEPLOYMENT_TARGET = 14.4;
				MTL_ENABLE_DEBUG_INFO = NO;
				MTL_FAST_MATH = YES;
				SDKROOT = iphoneos;
				SWIFT_COMPILATION_MODE = wholemodule;
				SWIFT_OPTIMIZATION_LEVEL = "-O";
				VALIDATE_PRODUCT = YES;
			};
			name = Release;
		};
		F7AD21FB25E592DE00EC2331 /* Debug */ = {
			isa = XCBuildConfiguration;
			buildSettings = {
				ASSETCATALOG_COMPILER_APPICON_NAME = AppIcon;
				ASSETCATALOG_COMPILER_GLOBAL_ACCENT_COLOR_NAME = AccentColor;
				CODE_SIGN_STYLE = Automatic;
				INFOPLIST_FILE = Prototype/Info.plist;
				LD_RUNPATH_SEARCH_PATHS = (
					"$(inherited)",
					"@executable_path/Frameworks",
				);
				PRODUCT_BUNDLE_IDENTIFIER = com.KSRINC.Prototype;
				PRODUCT_NAME = "$(TARGET_NAME)";
				SWIFT_VERSION = 5.0;
				TARGETED_DEVICE_FAMILY = "1,2";
			};
			name = Debug;
		};
		F7AD21FC25E592DE00EC2331 /* Release */ = {
			isa = XCBuildConfiguration;
			buildSettings = {
				ASSETCATALOG_COMPILER_APPICON_NAME = AppIcon;
				ASSETCATALOG_COMPILER_GLOBAL_ACCENT_COLOR_NAME = AccentColor;
				CODE_SIGN_STYLE = Automatic;
				INFOPLIST_FILE = Prototype/Info.plist;
				LD_RUNPATH_SEARCH_PATHS = (
					"$(inherited)",
					"@executable_path/Frameworks",
				);
				PRODUCT_BUNDLE_IDENTIFIER = com.KSRINC.Prototype;
				PRODUCT_NAME = "$(TARGET_NAME)";
				SWIFT_VERSION = 5.0;
				TARGETED_DEVICE_FAMILY = "1,2";
			};
			name = Release;
		};
		F7AD21FE25E592DE00EC2331 /* Debug */ = {
			isa = XCBuildConfiguration;
			buildSettings = {
				ALWAYS_EMBED_SWIFT_STANDARD_LIBRARIES = YES;
				BUNDLE_LOADER = "$(TEST_HOST)";
				CODE_SIGN_STYLE = Automatic;
				INFOPLIST_FILE = PrototypeTests/Info.plist;
				IPHONEOS_DEPLOYMENT_TARGET = 14.4;
				LD_RUNPATH_SEARCH_PATHS = (
					"$(inherited)",
					"@executable_path/Frameworks",
					"@loader_path/Frameworks",
				);
				PRODUCT_BUNDLE_IDENTIFIER = com.KSRINC.PrototypeTests;
				PRODUCT_NAME = "$(TARGET_NAME)";
				SWIFT_VERSION = 5.0;
				TARGETED_DEVICE_FAMILY = "1,2";
				TEST_HOST = "$(BUILT_PRODUCTS_DIR)/Prototype.app/Prototype";
			};
			name = Debug;
		};
		F7AD21FF25E592DE00EC2331 /* Release */ = {
			isa = XCBuildConfiguration;
			buildSettings = {
				ALWAYS_EMBED_SWIFT_STANDARD_LIBRARIES = YES;
				BUNDLE_LOADER = "$(TEST_HOST)";
				CODE_SIGN_STYLE = Automatic;
				INFOPLIST_FILE = PrototypeTests/Info.plist;
				IPHONEOS_DEPLOYMENT_TARGET = 14.4;
				LD_RUNPATH_SEARCH_PATHS = (
					"$(inherited)",
					"@executable_path/Frameworks",
					"@loader_path/Frameworks",
				);
				PRODUCT_BUNDLE_IDENTIFIER = com.KSRINC.PrototypeTests;
				PRODUCT_NAME = "$(TARGET_NAME)";
				SWIFT_VERSION = 5.0;
				TARGETED_DEVICE_FAMILY = "1,2";
				TEST_HOST = "$(BUILT_PRODUCTS_DIR)/Prototype.app/Prototype";
			};
			name = Release;
		};
		F7AD220125E592DE00EC2331 /* Debug */ = {
			isa = XCBuildConfiguration;
			buildSettings = {
				ALWAYS_EMBED_SWIFT_STANDARD_LIBRARIES = YES;
				CODE_SIGN_STYLE = Automatic;
				INFOPLIST_FILE = PrototypeUITests/Info.plist;
				LD_RUNPATH_SEARCH_PATHS = (
					"$(inherited)",
					"@executable_path/Frameworks",
					"@loader_path/Frameworks",
				);
				PRODUCT_BUNDLE_IDENTIFIER = com.KSRINC.PrototypeUITests;
				PRODUCT_NAME = "$(TARGET_NAME)";
				SWIFT_VERSION = 5.0;
				TARGETED_DEVICE_FAMILY = "1,2";
				TEST_TARGET_NAME = Prototype;
			};
			name = Debug;
		};
		F7AD220225E592DE00EC2331 /* Release */ = {
			isa = XCBuildConfiguration;
			buildSettings = {
				ALWAYS_EMBED_SWIFT_STANDARD_LIBRARIES = YES;
				CODE_SIGN_STYLE = Automatic;
				INFOPLIST_FILE = PrototypeUITests/Info.plist;
				LD_RUNPATH_SEARCH_PATHS = (
					"$(inherited)",
					"@executable_path/Frameworks",
					"@loader_path/Frameworks",
				);
				PRODUCT_BUNDLE_IDENTIFIER = com.KSRINC.PrototypeUITests;
				PRODUCT_NAME = "$(TARGET_NAME)";
				SWIFT_VERSION = 5.0;
				TARGETED_DEVICE_FAMILY = "1,2";
				TEST_TARGET_NAME = Prototype;
			};
			name = Release;
		};
/* End XCBuildConfiguration section */

/* Begin XCConfigurationList section */
		F7AD21CB25E592D900EC2331 /* Build configuration list for PBXProject "Prototype" */ = {
			isa = XCConfigurationList;
			buildConfigurations = (
				F7AD21F825E592DE00EC2331 /* Debug */,
				F7AD21F925E592DE00EC2331 /* Release */,
			);
			defaultConfigurationIsVisible = 0;
			defaultConfigurationName = Release;
		};
		F7AD21FA25E592DE00EC2331 /* Build configuration list for PBXNativeTarget "Prototype" */ = {
			isa = XCConfigurationList;
			buildConfigurations = (
				F7AD21FB25E592DE00EC2331 /* Debug */,
				F7AD21FC25E592DE00EC2331 /* Release */,
			);
			defaultConfigurationIsVisible = 0;
			defaultConfigurationName = Release;
		};
		F7AD21FD25E592DE00EC2331 /* Build configuration list for PBXNativeTarget "PrototypeTests" */ = {
			isa = XCConfigurationList;
			buildConfigurations = (
				F7AD21FE25E592DE00EC2331 /* Debug */,
				F7AD21FF25E592DE00EC2331 /* Release */,
			);
			defaultConfigurationIsVisible = 0;
			defaultConfigurationName = Release;
		};
		F7AD220025E592DE00EC2331 /* Build configuration list for PBXNativeTarget "PrototypeUITests" */ = {
			isa = XCConfigurationList;
			buildConfigurations = (
				F7AD220125E592DE00EC2331 /* Debug */,
				F7AD220225E592DE00EC2331 /* Release */,
			);
			defaultConfigurationIsVisible = 0;
			defaultConfigurationName = Release;
		};
/* End XCConfigurationList section */
	};
	rootObject = F7AD21C825E592D900EC2331 /* Project object */;
}
