// !$*UTF8*$!
{
	archiveVersion = 1;
	classes = {
	};
	objectVersion = 50;
	objects = {

/* Begin PBXBuildFile section */
		F72CD0B625C2C8670059FED4 /* LocalFeedLoader.swift in Sources */ = {isa = PBXBuildFile; fileRef = F72CD0B525C2C8670059FED4 /* LocalFeedLoader.swift */; };
		F72CD0BB25C2C8890059FED4 /* FeedStore.swift in Sources */ = {isa = PBXBuildFile; fileRef = F72CD0BA25C2C8890059FED4 /* FeedStore.swift */; };
		F72CD0C725C2F79E0059FED4 /* RemoteFeedItem.swift in Sources */ = {isa = PBXBuildFile; fileRef = F72CD0C625C2F79E0059FED4 /* RemoteFeedItem.swift */; };
		F72CD0CC25C2F82F0059FED4 /* LocalFeedImage.swift in Sources */ = {isa = PBXBuildFile; fileRef = F72CD0CB25C2F82F0059FED4 /* LocalFeedImage.swift */; };
		F7D605A425C1FBF400B2AE07 /* CacheFeedUseCaseTests.swift in Sources */ = {isa = PBXBuildFile; fileRef = F7D605A325C1FBF400B2AE07 /* CacheFeedUseCaseTests.swift */; };
		F7FC02B125B8B0BE009A0826 /* EssentialFeed.framework in Frameworks */ = {isa = PBXBuildFile; fileRef = F7FC02A725B8B0BD009A0826 /* EssentialFeed.framework */; };
		F7FC02B825B8B0BE009A0826 /* EssentialFeed.h in Headers */ = {isa = PBXBuildFile; fileRef = F7FC02AA25B8B0BD009A0826 /* EssentialFeed.h */; settings = {ATTRIBUTES = (Public, ); }; };
		F7FC02C425B8B0C9009A0826 /* FeedImage.swift in Sources */ = {isa = PBXBuildFile; fileRef = F7FC02C325B8B0C9009A0826 /* FeedImage.swift */; };
		F7FC02C825B8B145009A0826 /* FeedLoader.swift in Sources */ = {isa = PBXBuildFile; fileRef = F7FC02C725B8B145009A0826 /* FeedLoader.swift */; };
		F7FC02CF25B8B5CE009A0826 /* LoadFeedFromRemoteUseCaseTests.swift in Sources */ = {isa = PBXBuildFile; fileRef = F7FC02CE25B8B5CE009A0826 /* LoadFeedFromRemoteUseCaseTests.swift */; };
		F7FC02E425B9B991009A0826 /* RemoteFeedLoader.swift in Sources */ = {isa = PBXBuildFile; fileRef = F7FC02E325B9B991009A0826 /* RemoteFeedLoader.swift */; };
		F7FC02EB25BB094C009A0826 /* HTTPClient.swift in Sources */ = {isa = PBXBuildFile; fileRef = F7FC02EA25BB094C009A0826 /* HTTPClient.swift */; };
		F7FC02EF25BB0970009A0826 /* FeedItemMapper.swift in Sources */ = {isa = PBXBuildFile; fileRef = F7FC02EE25BB0970009A0826 /* FeedItemMapper.swift */; };
		F7FC02FC25BB58B8009A0826 /* URLSessionHTTPClientTests.swift in Sources */ = {isa = PBXBuildFile; fileRef = F7FC02FB25BB58B8009A0826 /* URLSessionHTTPClientTests.swift */; };
		F7FC030025BBF091009A0826 /* XCTest+MemoryLeak.swift in Sources */ = {isa = PBXBuildFile; fileRef = F7FC02FF25BBF091009A0826 /* XCTest+MemoryLeak.swift */; };
		F7FC030725BC047F009A0826 /* URLSessionHTTPClient.swift in Sources */ = {isa = PBXBuildFile; fileRef = F7FC030625BC047E009A0826 /* URLSessionHTTPClient.swift */; };
		F7FC033125BC144D009A0826 /* EssentialFeedAPIEndToEndTests.swift in Sources */ = {isa = PBXBuildFile; fileRef = F7FC033025BC144D009A0826 /* EssentialFeedAPIEndToEndTests.swift */; };
		F7FC033325BC144D009A0826 /* EssentialFeed.framework in Frameworks */ = {isa = PBXBuildFile; fileRef = F7FC02A725B8B0BD009A0826 /* EssentialFeed.framework */; };
		F7FC033C25BC1782009A0826 /* XCTest+MemoryLeak.swift in Sources */ = {isa = PBXBuildFile; fileRef = F7FC02FF25BBF091009A0826 /* XCTest+MemoryLeak.swift */; };
/* End PBXBuildFile section */

/* Begin PBXContainerItemProxy section */
		F7FC02B225B8B0BE009A0826 /* PBXContainerItemProxy */ = {
			isa = PBXContainerItemProxy;
			containerPortal = F7FC029E25B8B0BD009A0826 /* Project object */;
			proxyType = 1;
			remoteGlobalIDString = F7FC02A625B8B0BD009A0826;
			remoteInfo = EssentialFeed;
		};
		F7FC033425BC144D009A0826 /* PBXContainerItemProxy */ = {
			isa = PBXContainerItemProxy;
			containerPortal = F7FC029E25B8B0BD009A0826 /* Project object */;
			proxyType = 1;
			remoteGlobalIDString = F7FC02A625B8B0BD009A0826;
			remoteInfo = EssentialFeed;
		};
/* End PBXContainerItemProxy section */

/* Begin PBXFileReference section */
		F72CD0B525C2C8670059FED4 /* LocalFeedLoader.swift */ = {isa = PBXFileReference; lastKnownFileType = sourcecode.swift; path = LocalFeedLoader.swift; sourceTree = "<group>"; };
		F72CD0BA25C2C8890059FED4 /* FeedStore.swift */ = {isa = PBXFileReference; lastKnownFileType = sourcecode.swift; path = FeedStore.swift; sourceTree = "<group>"; };
		F72CD0C625C2F79E0059FED4 /* RemoteFeedItem.swift */ = {isa = PBXFileReference; lastKnownFileType = sourcecode.swift; path = RemoteFeedItem.swift; sourceTree = "<group>"; };
		F72CD0CB25C2F82F0059FED4 /* LocalFeedImage.swift */ = {isa = PBXFileReference; lastKnownFileType = sourcecode.swift; path = LocalFeedImage.swift; sourceTree = "<group>"; };
		F7D605A325C1FBF400B2AE07 /* CacheFeedUseCaseTests.swift */ = {isa = PBXFileReference; lastKnownFileType = sourcecode.swift; path = CacheFeedUseCaseTests.swift; sourceTree = "<group>"; };
		F7FC02A725B8B0BD009A0826 /* EssentialFeed.framework */ = {isa = PBXFileReference; explicitFileType = wrapper.framework; includeInIndex = 0; path = EssentialFeed.framework; sourceTree = BUILT_PRODUCTS_DIR; };
		F7FC02AA25B8B0BD009A0826 /* EssentialFeed.h */ = {isa = PBXFileReference; lastKnownFileType = sourcecode.c.h; path = EssentialFeed.h; sourceTree = "<group>"; };
		F7FC02AB25B8B0BD009A0826 /* Info.plist */ = {isa = PBXFileReference; lastKnownFileType = text.plist.xml; path = Info.plist; sourceTree = "<group>"; };
		F7FC02B025B8B0BE009A0826 /* EssentialFeedTests.xctest */ = {isa = PBXFileReference; explicitFileType = wrapper.cfbundle; includeInIndex = 0; path = EssentialFeedTests.xctest; sourceTree = BUILT_PRODUCTS_DIR; };
		F7FC02B725B8B0BE009A0826 /* Info.plist */ = {isa = PBXFileReference; lastKnownFileType = text.plist.xml; path = Info.plist; sourceTree = "<group>"; };
		F7FC02C325B8B0C9009A0826 /* FeedImage.swift */ = {isa = PBXFileReference; lastKnownFileType = sourcecode.swift; path = FeedImage.swift; sourceTree = "<group>"; };
		F7FC02C725B8B145009A0826 /* FeedLoader.swift */ = {isa = PBXFileReference; lastKnownFileType = sourcecode.swift; path = FeedLoader.swift; sourceTree = "<group>"; };
		F7FC02CE25B8B5CE009A0826 /* LoadFeedFromRemoteUseCaseTests.swift */ = {isa = PBXFileReference; lastKnownFileType = sourcecode.swift; path = LoadFeedFromRemoteUseCaseTests.swift; sourceTree = "<group>"; };
		F7FC02E325B9B991009A0826 /* RemoteFeedLoader.swift */ = {isa = PBXFileReference; lastKnownFileType = sourcecode.swift; path = RemoteFeedLoader.swift; sourceTree = "<group>"; };
		F7FC02EA25BB094C009A0826 /* HTTPClient.swift */ = {isa = PBXFileReference; lastKnownFileType = sourcecode.swift; path = HTTPClient.swift; sourceTree = "<group>"; };
		F7FC02EE25BB0970009A0826 /* FeedItemMapper.swift */ = {isa = PBXFileReference; lastKnownFileType = sourcecode.swift; path = FeedItemMapper.swift; sourceTree = "<group>"; };
		F7FC02FB25BB58B8009A0826 /* URLSessionHTTPClientTests.swift */ = {isa = PBXFileReference; lastKnownFileType = sourcecode.swift; path = URLSessionHTTPClientTests.swift; sourceTree = "<group>"; };
		F7FC02FF25BBF091009A0826 /* XCTest+MemoryLeak.swift */ = {isa = PBXFileReference; lastKnownFileType = sourcecode.swift; path = "XCTest+MemoryLeak.swift"; sourceTree = "<group>"; };
		F7FC030625BC047E009A0826 /* URLSessionHTTPClient.swift */ = {isa = PBXFileReference; lastKnownFileType = sourcecode.swift; path = URLSessionHTTPClient.swift; sourceTree = "<group>"; };
		F7FC032E25BC144D009A0826 /* EssentialFeedAPIEndToEndTests.xctest */ = {isa = PBXFileReference; explicitFileType = wrapper.cfbundle; includeInIndex = 0; path = EssentialFeedAPIEndToEndTests.xctest; sourceTree = BUILT_PRODUCTS_DIR; };
		F7FC033025BC144D009A0826 /* EssentialFeedAPIEndToEndTests.swift */ = {isa = PBXFileReference; lastKnownFileType = sourcecode.swift; path = EssentialFeedAPIEndToEndTests.swift; sourceTree = "<group>"; };
		F7FC033225BC144D009A0826 /* Info.plist */ = {isa = PBXFileReference; lastKnownFileType = text.plist.xml; path = Info.plist; sourceTree = "<group>"; };
/* End PBXFileReference section */

/* Begin PBXFrameworksBuildPhase section */
		F7FC02A425B8B0BD009A0826 /* Frameworks */ = {
			isa = PBXFrameworksBuildPhase;
			buildActionMask = 2147483647;
			files = (
			);
			runOnlyForDeploymentPostprocessing = 0;
		};
		F7FC02AD25B8B0BE009A0826 /* Frameworks */ = {
			isa = PBXFrameworksBuildPhase;
			buildActionMask = 2147483647;
			files = (
				F7FC02B125B8B0BE009A0826 /* EssentialFeed.framework in Frameworks */,
			);
			runOnlyForDeploymentPostprocessing = 0;
		};
		F7FC032B25BC144D009A0826 /* Frameworks */ = {
			isa = PBXFrameworksBuildPhase;
			buildActionMask = 2147483647;
			files = (
				F7FC033325BC144D009A0826 /* EssentialFeed.framework in Frameworks */,
			);
			runOnlyForDeploymentPostprocessing = 0;
		};
/* End PBXFrameworksBuildPhase section */

/* Begin PBXGroup section */
		F72CD0BF25C2C8C60059FED4 /* Feed Cache */ = {
			isa = PBXGroup;
			children = (
				F72CD0B525C2C8670059FED4 /* LocalFeedLoader.swift */,
				F72CD0BA25C2C8890059FED4 /* FeedStore.swift */,
				F72CD0CB25C2F82F0059FED4 /* LocalFeedImage.swift */,
			);
			path = "Feed Cache";
			sourceTree = "<group>";
		};
		F7D605A225C1FBD300B2AE07 /* Feed Cache */ = {
			isa = PBXGroup;
			children = (
				F7D605A325C1FBF400B2AE07 /* CacheFeedUseCaseTests.swift */,
			);
			path = "Feed Cache";
			sourceTree = "<group>";
		};
		F7FC029D25B8B0BD009A0826 = {
			isa = PBXGroup;
			children = (
				F7FC02A925B8B0BD009A0826 /* EssentialFeed */,
				F7FC02B425B8B0BE009A0826 /* EssentialFeedTests */,
				F7FC032F25BC144D009A0826 /* EssentialFeedAPIEndToEndTests */,
				F7FC02A825B8B0BD009A0826 /* Products */,
				F7FC031B25BC1268009A0826 /* Frameworks */,
			);
			sourceTree = "<group>";
		};
		F7FC02A825B8B0BD009A0826 /* Products */ = {
			isa = PBXGroup;
			children = (
				F7FC02A725B8B0BD009A0826 /* EssentialFeed.framework */,
				F7FC02B025B8B0BE009A0826 /* EssentialFeedTests.xctest */,
				F7FC032E25BC144D009A0826 /* EssentialFeedAPIEndToEndTests.xctest */,
			);
			name = Products;
			sourceTree = "<group>";
		};
		F7FC02A925B8B0BD009A0826 /* EssentialFeed */ = {
			isa = PBXGroup;
			children = (
				F7FC02AA25B8B0BD009A0826 /* EssentialFeed.h */,
				F7FC02AB25B8B0BD009A0826 /* Info.plist */,
				F7FC02E725B9B998009A0826 /* Feed API */,
				F7FC02CB25B8B20A009A0826 /* Feed Feature */,
				F72CD0BF25C2C8C60059FED4 /* Feed Cache */,
			);
			path = EssentialFeed;
			sourceTree = "<group>";
		};
		F7FC02B425B8B0BE009A0826 /* EssentialFeedTests */ = {
			isa = PBXGroup;
			children = (
				F7FC02B725B8B0BE009A0826 /* Info.plist */,
				F7D605A225C1FBD300B2AE07 /* Feed Cache */,
				F7FC02F225BB395D009A0826 /* Feed API */,
				F7FC02FB25BB58B8009A0826 /* URLSessionHTTPClientTests.swift */,
				F7FC030325BBF0DA009A0826 /* Helper */,
			);
			path = EssentialFeedTests;
			sourceTree = "<group>";
		};
		F7FC02CB25B8B20A009A0826 /* Feed Feature */ = {
			isa = PBXGroup;
			children = (
				F7FC02C325B8B0C9009A0826 /* FeedImage.swift */,
				F7FC02C725B8B145009A0826 /* FeedLoader.swift */,
			);
			path = "Feed Feature";
			sourceTree = "<group>";
		};
		F7FC02E725B9B998009A0826 /* Feed API */ = {
			isa = PBXGroup;
			children = (
				F7FC02EA25BB094C009A0826 /* HTTPClient.swift */,
				F7FC02EE25BB0970009A0826 /* FeedItemMapper.swift */,
				F72CD0C625C2F79E0059FED4 /* RemoteFeedItem.swift */,
				F7FC02E325B9B991009A0826 /* RemoteFeedLoader.swift */,
				F7FC030625BC047E009A0826 /* URLSessionHTTPClient.swift */,
			);
			path = "Feed API";
			sourceTree = "<group>";
		};
		F7FC02F225BB395D009A0826 /* Feed API */ = {
			isa = PBXGroup;
			children = (
				F7FC02CE25B8B5CE009A0826 /* LoadFeedFromRemoteUseCaseTests.swift */,
			);
			path = "Feed API";
			sourceTree = "<group>";
		};
		F7FC030325BBF0DA009A0826 /* Helper */ = {
			isa = PBXGroup;
			children = (
				F7FC02FF25BBF091009A0826 /* XCTest+MemoryLeak.swift */,
			);
			path = Helper;
			sourceTree = "<group>";
		};
		F7FC031B25BC1268009A0826 /* Frameworks */ = {
			isa = PBXGroup;
			children = (
			);
			name = Frameworks;
			sourceTree = "<group>";
		};
		F7FC032F25BC144D009A0826 /* EssentialFeedAPIEndToEndTests */ = {
			isa = PBXGroup;
			children = (
				F7FC033025BC144D009A0826 /* EssentialFeedAPIEndToEndTests.swift */,
				F7FC033225BC144D009A0826 /* Info.plist */,
			);
			path = EssentialFeedAPIEndToEndTests;
			sourceTree = "<group>";
		};
/* End PBXGroup section */

/* Begin PBXHeadersBuildPhase section */
		F7FC02A225B8B0BD009A0826 /* Headers */ = {
			isa = PBXHeadersBuildPhase;
			buildActionMask = 2147483647;
			files = (
				F7FC02B825B8B0BE009A0826 /* EssentialFeed.h in Headers */,
			);
			runOnlyForDeploymentPostprocessing = 0;
		};
/* End PBXHeadersBuildPhase section */

/* Begin PBXNativeTarget section */
		F7FC02A625B8B0BD009A0826 /* EssentialFeed */ = {
			isa = PBXNativeTarget;
			buildConfigurationList = F7FC02BB25B8B0BE009A0826 /* Build configuration list for PBXNativeTarget "EssentialFeed" */;
			buildPhases = (
				F7FC02A225B8B0BD009A0826 /* Headers */,
				F7FC02A325B8B0BD009A0826 /* Sources */,
				F7FC02A425B8B0BD009A0826 /* Frameworks */,
				F7FC02A525B8B0BD009A0826 /* Resources */,
			);
			buildRules = (
			);
			dependencies = (
			);
			name = EssentialFeed;
			productName = EssentialFeed;
			productReference = F7FC02A725B8B0BD009A0826 /* EssentialFeed.framework */;
			productType = "com.apple.product-type.framework";
		};
		F7FC02AF25B8B0BE009A0826 /* EssentialFeedTests */ = {
			isa = PBXNativeTarget;
			buildConfigurationList = F7FC02BE25B8B0BE009A0826 /* Build configuration list for PBXNativeTarget "EssentialFeedTests" */;
			buildPhases = (
				F7FC02AC25B8B0BE009A0826 /* Sources */,
				F7FC02AD25B8B0BE009A0826 /* Frameworks */,
				F7FC02AE25B8B0BE009A0826 /* Resources */,
			);
			buildRules = (
			);
			dependencies = (
				F7FC02B325B8B0BE009A0826 /* PBXTargetDependency */,
			);
			name = EssentialFeedTests;
			productName = EssentialFeedTests;
			productReference = F7FC02B025B8B0BE009A0826 /* EssentialFeedTests.xctest */;
			productType = "com.apple.product-type.bundle.unit-test";
		};
		F7FC032D25BC144D009A0826 /* EssentialFeedAPIEndToEndTests */ = {
			isa = PBXNativeTarget;
			buildConfigurationList = F7FC033825BC144D009A0826 /* Build configuration list for PBXNativeTarget "EssentialFeedAPIEndToEndTests" */;
			buildPhases = (
				F7FC032A25BC144D009A0826 /* Sources */,
				F7FC032B25BC144D009A0826 /* Frameworks */,
				F7FC032C25BC144D009A0826 /* Resources */,
			);
			buildRules = (
			);
			dependencies = (
				F7FC033525BC144D009A0826 /* PBXTargetDependency */,
			);
			name = EssentialFeedAPIEndToEndTests;
			productName = EssentialFeedAPIEndToEndTests;
			productReference = F7FC032E25BC144D009A0826 /* EssentialFeedAPIEndToEndTests.xctest */;
			productType = "com.apple.product-type.bundle.unit-test";
		};
/* End PBXNativeTarget section */

/* Begin PBXProject section */
		F7FC029E25B8B0BD009A0826 /* Project object */ = {
			isa = PBXProject;
			attributes = {
				LastSwiftUpdateCheck = 1230;
				LastUpgradeCheck = 1230;
				TargetAttributes = {
					F7FC02A625B8B0BD009A0826 = {
						CreatedOnToolsVersion = 12.3;
						LastSwiftMigration = 1230;
					};
					F7FC02AF25B8B0BE009A0826 = {
						CreatedOnToolsVersion = 12.3;
					};
					F7FC032D25BC144D009A0826 = {
						CreatedOnToolsVersion = 12.3;
					};
				};
			};
			buildConfigurationList = F7FC02A125B8B0BD009A0826 /* Build configuration list for PBXProject "EssentialFeed" */;
			compatibilityVersion = "Xcode 9.3";
			developmentRegion = en;
			hasScannedForEncodings = 0;
			knownRegions = (
				en,
				Base,
			);
			mainGroup = F7FC029D25B8B0BD009A0826;
			productRefGroup = F7FC02A825B8B0BD009A0826 /* Products */;
			projectDirPath = "";
			projectRoot = "";
			targets = (
				F7FC02A625B8B0BD009A0826 /* EssentialFeed */,
				F7FC02AF25B8B0BE009A0826 /* EssentialFeedTests */,
				F7FC032D25BC144D009A0826 /* EssentialFeedAPIEndToEndTests */,
			);
		};
/* End PBXProject section */

/* Begin PBXResourcesBuildPhase section */
		F7FC02A525B8B0BD009A0826 /* Resources */ = {
			isa = PBXResourcesBuildPhase;
			buildActionMask = 2147483647;
			files = (
			);
			runOnlyForDeploymentPostprocessing = 0;
		};
		F7FC02AE25B8B0BE009A0826 /* Resources */ = {
			isa = PBXResourcesBuildPhase;
			buildActionMask = 2147483647;
			files = (
			);
			runOnlyForDeploymentPostprocessing = 0;
		};
		F7FC032C25BC144D009A0826 /* Resources */ = {
			isa = PBXResourcesBuildPhase;
			buildActionMask = 2147483647;
			files = (
			);
			runOnlyForDeploymentPostprocessing = 0;
		};
/* End PBXResourcesBuildPhase section */

/* Begin PBXSourcesBuildPhase section */
		F7FC02A325B8B0BD009A0826 /* Sources */ = {
			isa = PBXSourcesBuildPhase;
			buildActionMask = 2147483647;
			files = (
				F7FC02C825B8B145009A0826 /* FeedLoader.swift in Sources */,
				F7FC02E425B9B991009A0826 /* RemoteFeedLoader.swift in Sources */,
				F72CD0C725C2F79E0059FED4 /* RemoteFeedItem.swift in Sources */,
				F7FC02EB25BB094C009A0826 /* HTTPClient.swift in Sources */,
				F72CD0CC25C2F82F0059FED4 /* LocalFeedImage.swift in Sources */,
				F72CD0BB25C2C8890059FED4 /* FeedStore.swift in Sources */,
				F72CD0B625C2C8670059FED4 /* LocalFeedLoader.swift in Sources */,
				F7FC02C425B8B0C9009A0826 /* FeedImage.swift in Sources */,
				F7FC02EF25BB0970009A0826 /* FeedItemMapper.swift in Sources */,
				F7FC030725BC047F009A0826 /* URLSessionHTTPClient.swift in Sources */,
			);
			runOnlyForDeploymentPostprocessing = 0;
		};
		F7FC02AC25B8B0BE009A0826 /* Sources */ = {
			isa = PBXSourcesBuildPhase;
			buildActionMask = 2147483647;
			files = (
				F7FC02CF25B8B5CE009A0826 /* LoadFeedFromRemoteUseCaseTests.swift in Sources */,
				F7FC030025BBF091009A0826 /* XCTest+MemoryLeak.swift in Sources */,
				F7D605A425C1FBF400B2AE07 /* CacheFeedUseCaseTests.swift in Sources */,
				F7FC02FC25BB58B8009A0826 /* URLSessionHTTPClientTests.swift in Sources */,
			);
			runOnlyForDeploymentPostprocessing = 0;
		};
		F7FC032A25BC144D009A0826 /* Sources */ = {
			isa = PBXSourcesBuildPhase;
			buildActionMask = 2147483647;
			files = (
				F7FC033C25BC1782009A0826 /* XCTest+MemoryLeak.swift in Sources */,
				F7FC033125BC144D009A0826 /* EssentialFeedAPIEndToEndTests.swift in Sources */,
			);
			runOnlyForDeploymentPostprocessing = 0;
		};
/* End PBXSourcesBuildPhase section */

/* Begin PBXTargetDependency section */
		F7FC02B325B8B0BE009A0826 /* PBXTargetDependency */ = {
			isa = PBXTargetDependency;
			target = F7FC02A625B8B0BD009A0826 /* EssentialFeed */;
			targetProxy = F7FC02B225B8B0BE009A0826 /* PBXContainerItemProxy */;
		};
		F7FC033525BC144D009A0826 /* PBXTargetDependency */ = {
			isa = PBXTargetDependency;
			target = F7FC02A625B8B0BD009A0826 /* EssentialFeed */;
			targetProxy = F7FC033425BC144D009A0826 /* PBXContainerItemProxy */;
		};
/* End PBXTargetDependency section */

/* Begin XCBuildConfiguration section */
		F7FC02B925B8B0BE009A0826 /* Debug */ = {
			isa = XCBuildConfiguration;
			buildSettings = {
				ALWAYS_SEARCH_USER_PATHS = NO;
				CLANG_ANALYZER_NONNULL = YES;
				CLANG_ANALYZER_NUMBER_OBJECT_CONVERSION = YES_AGGRESSIVE;
				CLANG_CXX_LANGUAGE_STANDARD = "gnu++14";
				CLANG_CXX_LIBRARY = "libc++";
				CLANG_ENABLE_MODULES = YES;
				CLANG_ENABLE_OBJC_ARC = YES;
				CLANG_ENABLE_OBJC_WEAK = YES;
				CLANG_WARN_BLOCK_CAPTURE_AUTORELEASING = YES;
				CLANG_WARN_BOOL_CONVERSION = YES;
				CLANG_WARN_COMMA = YES;
				CLANG_WARN_CONSTANT_CONVERSION = YES;
				CLANG_WARN_DEPRECATED_OBJC_IMPLEMENTATIONS = YES;
				CLANG_WARN_DIRECT_OBJC_ISA_USAGE = YES_ERROR;
				CLANG_WARN_DOCUMENTATION_COMMENTS = YES;
				CLANG_WARN_EMPTY_BODY = YES;
				CLANG_WARN_ENUM_CONVERSION = YES;
				CLANG_WARN_INFINITE_RECURSION = YES;
				CLANG_WARN_INT_CONVERSION = YES;
				CLANG_WARN_NON_LITERAL_NULL_CONVERSION = YES;
				CLANG_WARN_OBJC_IMPLICIT_RETAIN_SELF = YES;
				CLANG_WARN_OBJC_LITERAL_CONVERSION = YES;
				CLANG_WARN_OBJC_ROOT_CLASS = YES_ERROR;
				CLANG_WARN_QUOTED_INCLUDE_IN_FRAMEWORK_HEADER = YES;
				CLANG_WARN_RANGE_LOOP_ANALYSIS = YES;
				CLANG_WARN_STRICT_PROTOTYPES = YES;
				CLANG_WARN_SUSPICIOUS_MOVE = YES;
				CLANG_WARN_UNGUARDED_AVAILABILITY = YES_AGGRESSIVE;
				CLANG_WARN_UNREACHABLE_CODE = YES;
				CLANG_WARN__DUPLICATE_METHOD_MATCH = YES;
				COPY_PHASE_STRIP = NO;
				CURRENT_PROJECT_VERSION = 1;
				DEBUG_INFORMATION_FORMAT = dwarf;
				ENABLE_STRICT_OBJC_MSGSEND = YES;
				ENABLE_TESTABILITY = YES;
				GCC_C_LANGUAGE_STANDARD = gnu11;
				GCC_DYNAMIC_NO_PIC = NO;
				GCC_NO_COMMON_BLOCKS = YES;
				GCC_OPTIMIZATION_LEVEL = 0;
				GCC_PREPROCESSOR_DEFINITIONS = (
					"DEBUG=1",
					"$(inherited)",
				);
				GCC_WARN_64_TO_32_BIT_CONVERSION = YES;
				GCC_WARN_ABOUT_RETURN_TYPE = YES_ERROR;
				GCC_WARN_UNDECLARED_SELECTOR = YES;
				GCC_WARN_UNINITIALIZED_AUTOS = YES_AGGRESSIVE;
				GCC_WARN_UNUSED_FUNCTION = YES;
				GCC_WARN_UNUSED_VARIABLE = YES;
				IPHONEOS_DEPLOYMENT_TARGET = 14.3;
				MTL_ENABLE_DEBUG_INFO = INCLUDE_SOURCE;
				MTL_FAST_MATH = YES;
				ONLY_ACTIVE_ARCH = YES;
				SDKROOT = iphoneos;
				SWIFT_ACTIVE_COMPILATION_CONDITIONS = DEBUG;
				SWIFT_OPTIMIZATION_LEVEL = "-Onone";
				VERSIONING_SYSTEM = "apple-generic";
				VERSION_INFO_PREFIX = "";
			};
			name = Debug;
		};
		F7FC02BA25B8B0BE009A0826 /* Release */ = {
			isa = XCBuildConfiguration;
			buildSettings = {
				ALWAYS_SEARCH_USER_PATHS = NO;
				CLANG_ANALYZER_NONNULL = YES;
				CLANG_ANALYZER_NUMBER_OBJECT_CONVERSION = YES_AGGRESSIVE;
				CLANG_CXX_LANGUAGE_STANDARD = "gnu++14";
				CLANG_CXX_LIBRARY = "libc++";
				CLANG_ENABLE_MODULES = YES;
				CLANG_ENABLE_OBJC_ARC = YES;
				CLANG_ENABLE_OBJC_WEAK = YES;
				CLANG_WARN_BLOCK_CAPTURE_AUTORELEASING = YES;
				CLANG_WARN_BOOL_CONVERSION = YES;
				CLANG_WARN_COMMA = YES;
				CLANG_WARN_CONSTANT_CONVERSION = YES;
				CLANG_WARN_DEPRECATED_OBJC_IMPLEMENTATIONS = YES;
				CLANG_WARN_DIRECT_OBJC_ISA_USAGE = YES_ERROR;
				CLANG_WARN_DOCUMENTATION_COMMENTS = YES;
				CLANG_WARN_EMPTY_BODY = YES;
				CLANG_WARN_ENUM_CONVERSION = YES;
				CLANG_WARN_INFINITE_RECURSION = YES;
				CLANG_WARN_INT_CONVERSION = YES;
				CLANG_WARN_NON_LITERAL_NULL_CONVERSION = YES;
				CLANG_WARN_OBJC_IMPLICIT_RETAIN_SELF = YES;
				CLANG_WARN_OBJC_LITERAL_CONVERSION = YES;
				CLANG_WARN_OBJC_ROOT_CLASS = YES_ERROR;
				CLANG_WARN_QUOTED_INCLUDE_IN_FRAMEWORK_HEADER = YES;
				CLANG_WARN_RANGE_LOOP_ANALYSIS = YES;
				CLANG_WARN_STRICT_PROTOTYPES = YES;
				CLANG_WARN_SUSPICIOUS_MOVE = YES;
				CLANG_WARN_UNGUARDED_AVAILABILITY = YES_AGGRESSIVE;
				CLANG_WARN_UNREACHABLE_CODE = YES;
				CLANG_WARN__DUPLICATE_METHOD_MATCH = YES;
				COPY_PHASE_STRIP = NO;
				CURRENT_PROJECT_VERSION = 1;
				DEBUG_INFORMATION_FORMAT = "dwarf-with-dsym";
				ENABLE_NS_ASSERTIONS = NO;
				ENABLE_STRICT_OBJC_MSGSEND = YES;
				GCC_C_LANGUAGE_STANDARD = gnu11;
				GCC_NO_COMMON_BLOCKS = YES;
				GCC_WARN_64_TO_32_BIT_CONVERSION = YES;
				GCC_WARN_ABOUT_RETURN_TYPE = YES_ERROR;
				GCC_WARN_UNDECLARED_SELECTOR = YES;
				GCC_WARN_UNINITIALIZED_AUTOS = YES_AGGRESSIVE;
				GCC_WARN_UNUSED_FUNCTION = YES;
				GCC_WARN_UNUSED_VARIABLE = YES;
				IPHONEOS_DEPLOYMENT_TARGET = 14.3;
				MTL_ENABLE_DEBUG_INFO = NO;
				MTL_FAST_MATH = YES;
				SDKROOT = iphoneos;
				SWIFT_COMPILATION_MODE = wholemodule;
				SWIFT_OPTIMIZATION_LEVEL = "-O";
				VALIDATE_PRODUCT = YES;
				VERSIONING_SYSTEM = "apple-generic";
				VERSION_INFO_PREFIX = "";
			};
			name = Release;
		};
		F7FC02BC25B8B0BE009A0826 /* Debug */ = {
			isa = XCBuildConfiguration;
			buildSettings = {
				CLANG_ENABLE_MODULES = YES;
				CODE_SIGN_STYLE = Automatic;
				DEFINES_MODULE = YES;
				DEVELOPMENT_TEAM = LN5YK2LYGY;
				DYLIB_COMPATIBILITY_VERSION = 1;
				DYLIB_CURRENT_VERSION = 1;
				DYLIB_INSTALL_NAME_BASE = "@rpath";
				INFOPLIST_FILE = EssentialFeed/Info.plist;
				INSTALL_PATH = "$(LOCAL_LIBRARY_DIR)/Frameworks";
				LD_RUNPATH_SEARCH_PATHS = (
					"$(inherited)",
					"@executable_path/Frameworks",
					"@loader_path/Frameworks",
				);
				PRODUCT_BUNDLE_IDENTIFIER = com.KSRINC.EssentialFeed;
				PRODUCT_NAME = "$(TARGET_NAME:c99extidentifier)";
				SKIP_INSTALL = YES;
				SWIFT_OPTIMIZATION_LEVEL = "-Onone";
				SWIFT_VERSION = 5.0;
				TARGETED_DEVICE_FAMILY = "1,2";
			};
			name = Debug;
		};
		F7FC02BD25B8B0BE009A0826 /* Release */ = {
			isa = XCBuildConfiguration;
			buildSettings = {
				CLANG_ENABLE_MODULES = YES;
				CODE_SIGN_STYLE = Automatic;
				DEFINES_MODULE = YES;
				DEVELOPMENT_TEAM = LN5YK2LYGY;
				DYLIB_COMPATIBILITY_VERSION = 1;
				DYLIB_CURRENT_VERSION = 1;
				DYLIB_INSTALL_NAME_BASE = "@rpath";
				INFOPLIST_FILE = EssentialFeed/Info.plist;
				INSTALL_PATH = "$(LOCAL_LIBRARY_DIR)/Frameworks";
				LD_RUNPATH_SEARCH_PATHS = (
					"$(inherited)",
					"@executable_path/Frameworks",
					"@loader_path/Frameworks",
				);
				PRODUCT_BUNDLE_IDENTIFIER = com.KSRINC.EssentialFeed;
				PRODUCT_NAME = "$(TARGET_NAME:c99extidentifier)";
				SKIP_INSTALL = YES;
				SWIFT_VERSION = 5.0;
				TARGETED_DEVICE_FAMILY = "1,2";
			};
			name = Release;
		};
		F7FC02BF25B8B0BE009A0826 /* Debug */ = {
			isa = XCBuildConfiguration;
			buildSettings = {
				ALWAYS_EMBED_SWIFT_STANDARD_LIBRARIES = YES;
				CODE_SIGN_STYLE = Automatic;
				DEVELOPMENT_TEAM = LN5YK2LYGY;
				INFOPLIST_FILE = EssentialFeedTests/Info.plist;
				LD_RUNPATH_SEARCH_PATHS = (
					"$(inherited)",
					"@executable_path/Frameworks",
					"@loader_path/Frameworks",
				);
				PRODUCT_BUNDLE_IDENTIFIER = com.KSRINC.EssentialFeedTests;
				PRODUCT_NAME = "$(TARGET_NAME)";
				SWIFT_VERSION = 5.0;
				TARGETED_DEVICE_FAMILY = "1,2";
			};
			name = Debug;
		};
		F7FC02C025B8B0BE009A0826 /* Release */ = {
			isa = XCBuildConfiguration;
			buildSettings = {
				ALWAYS_EMBED_SWIFT_STANDARD_LIBRARIES = YES;
				CODE_SIGN_STYLE = Automatic;
				DEVELOPMENT_TEAM = LN5YK2LYGY;
				INFOPLIST_FILE = EssentialFeedTests/Info.plist;
				LD_RUNPATH_SEARCH_PATHS = (
					"$(inherited)",
					"@executable_path/Frameworks",
					"@loader_path/Frameworks",
				);
				PRODUCT_BUNDLE_IDENTIFIER = com.KSRINC.EssentialFeedTests;
				PRODUCT_NAME = "$(TARGET_NAME)";
				SWIFT_VERSION = 5.0;
				TARGETED_DEVICE_FAMILY = "1,2";
			};
			name = Release;
		};
		F7FC033625BC144D009A0826 /* Debug */ = {
			isa = XCBuildConfiguration;
			buildSettings = {
				CODE_SIGN_STYLE = Automatic;
				DEVELOPMENT_TEAM = LN5YK2LYGY;
				INFOPLIST_FILE = EssentialFeedAPIEndToEndTests/Info.plist;
				LD_RUNPATH_SEARCH_PATHS = (
					"$(inherited)",
					"@executable_path/Frameworks",
					"@loader_path/Frameworks",
				);
				PRODUCT_BUNDLE_IDENTIFIER = com.KSRINC.EssentialFeedAPIEndToEndTests;
				PRODUCT_NAME = "$(TARGET_NAME)";
				SWIFT_VERSION = 5.0;
				TARGETED_DEVICE_FAMILY = "1,2";
			};
			name = Debug;
		};
		F7FC033725BC144D009A0826 /* Release */ = {
			isa = XCBuildConfiguration;
			buildSettings = {
				CODE_SIGN_STYLE = Automatic;
				DEVELOPMENT_TEAM = LN5YK2LYGY;
				INFOPLIST_FILE = EssentialFeedAPIEndToEndTests/Info.plist;
				LD_RUNPATH_SEARCH_PATHS = (
					"$(inherited)",
					"@executable_path/Frameworks",
					"@loader_path/Frameworks",
				);
				PRODUCT_BUNDLE_IDENTIFIER = com.KSRINC.EssentialFeedAPIEndToEndTests;
				PRODUCT_NAME = "$(TARGET_NAME)";
				SWIFT_VERSION = 5.0;
				TARGETED_DEVICE_FAMILY = "1,2";
			};
			name = Release;
		};
/* End XCBuildConfiguration section */

/* Begin XCConfigurationList section */
		F7FC02A125B8B0BD009A0826 /* Build configuration list for PBXProject "EssentialFeed" */ = {
			isa = XCConfigurationList;
			buildConfigurations = (
				F7FC02B925B8B0BE009A0826 /* Debug */,
				F7FC02BA25B8B0BE009A0826 /* Release */,
			);
			defaultConfigurationIsVisible = 0;
			defaultConfigurationName = Release;
		};
		F7FC02BB25B8B0BE009A0826 /* Build configuration list for PBXNativeTarget "EssentialFeed" */ = {
			isa = XCConfigurationList;
			buildConfigurations = (
				F7FC02BC25B8B0BE009A0826 /* Debug */,
				F7FC02BD25B8B0BE009A0826 /* Release */,
			);
			defaultConfigurationIsVisible = 0;
			defaultConfigurationName = Release;
		};
		F7FC02BE25B8B0BE009A0826 /* Build configuration list for PBXNativeTarget "EssentialFeedTests" */ = {
			isa = XCConfigurationList;
			buildConfigurations = (
				F7FC02BF25B8B0BE009A0826 /* Debug */,
				F7FC02C025B8B0BE009A0826 /* Release */,
			);
			defaultConfigurationIsVisible = 0;
			defaultConfigurationName = Release;
		};
		F7FC033825BC144D009A0826 /* Build configuration list for PBXNativeTarget "EssentialFeedAPIEndToEndTests" */ = {
			isa = XCConfigurationList;
			buildConfigurations = (
				F7FC033625BC144D009A0826 /* Debug */,
				F7FC033725BC144D009A0826 /* Release */,
			);
			defaultConfigurationIsVisible = 0;
			defaultConfigurationName = Release;
		};
/* End XCConfigurationList section */
	};
	rootObject = F7FC029E25B8B0BD009A0826 /* Project object */;
}
